PODS:
  - camera_avfoundation (0.0.1):
    - Flutter
  - draw_on_image_plugin (1.0.0):
    - Flutter
  - Flutter (1.0.0)
  - native_qr (0.0.1):
    - Flutter
  - path_provider_foundation (0.0.1):
    - Flutter
    - FlutterMacOS
  - shared_preferences_foundation (0.0.1):
    - Flutter
    - FlutterMacOS
  - shared_preferences_ios (0.0.1):
    - Flutter
  - url_launcher_ios (0.0.1):
    - Flutter

DEPENDENCIES:
  - camera_avfoundation (from `.symlinks/plugins/camera_avfoundation/ios`)
  - draw_on_image_plugin (from `.symlinks/plugins/draw_on_image_plugin/ios`)
  - Flutter (from `Flutter`)
  - native_qr (from `.symlinks/plugins/native_qr/ios`)
  - path_provider_foundation (from `.symlinks/plugins/path_provider_foundation/darwin`)
  - shared_preferences_foundation (from `.symlinks/plugins/shared_preferences_foundation/darwin`)
  - shared_preferences_ios (from `.symlinks/plugins/shared_preferences_ios/ios`)
  - url_launcher_ios (from `.symlinks/plugins/url_launcher_ios/ios`)

EXTERNAL SOURCES:
  camera_avfoundation:
    :path: ".symlinks/plugins/camera_avfoundation/ios"
  draw_on_image_plugin:
    :path: ".symlinks/plugins/draw_on_image_plugin/ios"
  Flutter:
    :path: Flutter
  native_qr:
    :path: ".symlinks/plugins/native_qr/ios"
  path_provider_foundation:
    :path: ".symlinks/plugins/path_provider_foundation/darwin"
  shared_preferences_foundation:
    :path: ".symlinks/plugins/shared_preferences_foundation/darwin"
  shared_preferences_ios:
    :path: ".symlinks/plugins/shared_preferences_ios/ios"
  url_launcher_ios:
    :path: ".symlinks/plugins/url_launcher_ios/ios"

SPEC CHECKSUMS:
  camera_avfoundation: dd002b0330f4981e1bbcb46ae9b62829237459a4
  draw_on_image_plugin: a7d10dc567c3568f4d58d58f0440c81f1d3078f5
  Flutter: e0871f40cf51350855a761d2e70bf5af5b9b5de7
  native_qr: 2a3151f33e6c69d4320fc5c5f24848200c1aa4fa
  path_provider_foundation: 2b6b4c569c0fb62ec74538f866245ac84301af46
  shared_preferences_foundation: e2dae3258e06f44cc55f49d42024fd8dd03c590c
  shared_preferences_ios: 548a61f8053b9b8a49ac19c1ffbc8b92c50d68ad
  url_launcher_ios: 08a3dfac5fb39e8759aeb0abbd5d9480f30fc8b4

PODFILE CHECKSUM: eae4152c3630e172b84de35121c0831e1f634c9d

COCOAPODS: 1.15.2
